
Microsoft Visual Studio Solution File, Format Version 12.00
# Visual Studio 15
VisualStudioVersion = 15.0.26730.15
MinimumVisualStudioVersion = 10.0.40219.1
Project("{FAE04EC0-301F-11D3-BF4B-00C04F79EFBC}") = "Qapper", "Qapper\Qapper.csproj", "{3B7F5ACD-FD4A-4BBE-A043-B5EE8544964C}"
EndProject
Global
	GlobalSection(SolutionConfigurationPlatforms) = preSolution
		Debug|Any CPU = Debug|Any CPU
		Release|Any CPU = Release|Any CPU
	EndGlobalSection
	GlobalSection(ProjectConfigurationPlatforms) = postSolution
		{3B7F5ACD-FD4A-4BBE-A043-B5EE8544964C}.Debug|Any CPU.ActiveCfg = Debug|Any CPU
		{3B7F5ACD-FD4A-4BBE-A043-B5EE8544964C}.Debug|Any CPU.Build.0 = Debug|Any CPU
		{3B7F5ACD-FD4A-4BBE-A043-B5EE8544964C}.Release|Any CPU.ActiveCfg = Release|Any CPU
		{3B7F5ACD-FD4A-4BBE-A043-B5EE8544964C}.Release|Any CPU.Build.0 = Release|Any CPU
	EndGlobalSection
	GlobalSection(SolutionProperties) = preSolution
		HideSolutionNode = FALSE
	EndGlobalSection
	GlobalSection(ExtensibilityGlobals) = postSolution
		SolutionGuid = {A84E49BF-5E68-4E06-B32B-C7A702AB23AC}
	EndGlobalSection
EndGlobal
